
Microsoft Visual Studio Solution File, Format Version 12.00
# Visual Studio Version 16
VisualStudioVersion = 16.0.29613.14
MinimumVisualStudioVersion = 10.0.40219.1
Project("{FAE04EC0-301F-11D3-BF4B-00C04F79EFBC}") = "Jogo_Da_Memoria", "Jogo_Da_Memoria\Jogo_Da_Memoria.csproj", "{E9DCED1F-9D3E-4F4B-AC1E-857192272A97}"
EndProject
Global
	GlobalSection(SolutionConfigurationPlatforms) = preSolution
		Debug|Any CPU = Debug|Any CPU
		Release|Any CPU = Release|Any CPU
	EndGlobalSection
	GlobalSection(ProjectConfigurationPlatforms) = postSolution
		{E9DCED1F-9D3E-4F4B-AC1E-857192272A97}.Debug|Any CPU.ActiveCfg = Debug|Any CPU
		{E9DCED1F-9D3E-4F4B-AC1E-857192272A97}.Debug|Any CPU.Build.0 = Debug|Any CPU
		{E9DCED1F-9D3E-4F4B-AC1E-857192272A97}.Release|Any CPU.ActiveCfg = Release|Any CPU
		{E9DCED1F-9D3E-4F4B-AC1E-857192272A97}.Release|Any CPU.Build.0 = Release|Any CPU
	EndGlobalSection
	GlobalSection(SolutionProperties) = preSolution
		HideSolutionNode = FALSE
	EndGlobalSection
	GlobalSection(ExtensibilityGlobals) = postSolution
		SolutionGuid = {7841DBEF-6D4E-4675-A5C1-39675C7580D9}
	EndGlobalSection
EndGlobal
